// !$*UTF8*$!
{
	archiveVersion = 1;
	classes = {
	};
	objectVersion = 56;
	objects = {

/* Begin PBXBuildFile section */
		9BB7A09B2A473EB700FEC474 /* LumenApp.swift in Sources */ = {isa = PBXBuildFile; fileRef = 9BB7A09A2A473EB700FEC474 /* LumenApp.swift */; };
		9BB7A09D2A473EB700FEC474 /* ContentView.swift in Sources */ = {isa = PBXBuildFile; fileRef = 9BB7A09C2A473EB700FEC474 /* ContentView.swift */; };
		9BB7A09F2A473EB900FEC474 /* Assets.xcassets in Resources */ = {isa = PBXBuildFile; fileRef = 9BB7A09E2A473EB900FEC474 /* Assets.xcassets */; };
		9BB7A0A32A473EB900FEC474 /* Preview Assets.xcassets in Resources */ = {isa = PBXBuildFile; fileRef = 9BB7A0A22A473EB900FEC474 /* Preview Assets.xcassets */; };
		9BB7A0AD2A473EB900FEC474 /* LumenTests.swift in Sources */ = {isa = PBXBuildFile; fileRef = 9BB7A0AC2A473EB900FEC474 /* LumenTests.swift */; };
		9BB7A0B72A473EB900FEC474 /* LumenUITests.swift in Sources */ = {isa = PBXBuildFile; fileRef = 9BB7A0B62A473EB900FEC474 /* LumenUITests.swift */; };
		9BB7A0B92A473EB900FEC474 /* LumenUITestsLaunchTests.swift in Sources */ = {isa = PBXBuildFile; fileRef = 9BB7A0B82A473EB900FEC474 /* LumenUITestsLaunchTests.swift */; };
/* End PBXBuildFile section */

/* Begin PBXContainerItemProxy section */
		9BB7A0A92A473EB900FEC474 /* PBXContainerItemProxy */ = {
			isa = PBXContainerItemProxy;
			containerPortal = 9BB7A08F2A473EB700FEC474 /* Project object */;
			proxyType = 1;
			remoteGlobalIDString = 9BB7A0962A473EB700FEC474;
			remoteInfo = Lumen;
		};
		9BB7A0B32A473EB900FEC474 /* PBXContainerItemProxy */ = {
			isa = PBXContainerItemProxy;
			containerPortal = 9BB7A08F2A473EB700FEC474 /* Project object */;
			proxyType = 1;
			remoteGlobalIDString = 9BB7A0962A473EB700FEC474;
			remoteInfo = Lumen;
		};
/* End PBXContainerItemProxy section */

/* Begin PBXFileReference section */
		9BB7A0972A473EB700FEC474 /* Lumen.app */ = {isa = PBXFileReference; explicitFileType = wrapper.application; includeInIndex = 0; path = Lumen.app; sourceTree = BUILT_PRODUCTS_DIR; };
		9BB7A09A2A473EB700FEC474 /* LumenApp.swift */ = {isa = PBXFileReference; lastKnownFileType = sourcecode.swift; path = LumenApp.swift; sourceTree = "<group>"; };
		9BB7A09C2A473EB700FEC474 /* ContentView.swift */ = {isa = PBXFileReference; lastKnownFileType = sourcecode.swift; path = ContentView.swift; sourceTree = "<group>"; };
		9BB7A09E2A473EB900FEC474 /* Assets.xcassets */ = {isa = PBXFileReference; lastKnownFileType = folder.assetcatalog; path = Assets.xcassets; sourceTree = "<group>"; };
		9BB7A0A02A473EB900FEC474 /* Lumen.entitlements */ = {isa = PBXFileReference; lastKnownFileType = text.plist.entitlements; path = Lumen.entitlements; sourceTree = "<group>"; };
		9BB7A0A22A473EB900FEC474 /* Preview Assets.xcassets */ = {isa = PBXFileReference; lastKnownFileType = folder.assetcatalog; path = "Preview Assets.xcassets"; sourceTree = "<group>"; };
		9BB7A0A82A473EB900FEC474 /* LumenTests.xctest */ = {isa = PBXFileReference; explicitFileType = wrapper.cfbundle; includeInIndex = 0; path = LumenTests.xctest; sourceTree = BUILT_PRODUCTS_DIR; };
		9BB7A0AC2A473EB900FEC474 /* LumenTests.swift */ = {isa = PBXFileReference; lastKnownFileType = sourcecode.swift; path = LumenTests.swift; sourceTree = "<group>"; };
		9BB7A0B22A473EB900FEC474 /* LumenUITests.xctest */ = {isa = PBXFileReference; explicitFileType = wrapper.cfbundle; includeInIndex = 0; path = LumenUITests.xctest; sourceTree = BUILT_PRODUCTS_DIR; };
		9BB7A0B62A473EB900FEC474 /* LumenUITests.swift */ = {isa = PBXFileReference; lastKnownFileType = sourcecode.swift; path = LumenUITests.swift; sourceTree = "<group>"; };
		9BB7A0B82A473EB900FEC474 /* LumenUITestsLaunchTests.swift */ = {isa = PBXFileReference; lastKnownFileType = sourcecode.swift; path = LumenUITestsLaunchTests.swift; sourceTree = "<group>"; };
/* End PBXFileReference section */

/* Begin PBXFrameworksBuildPhase section */
		9BB7A0942A473EB700FEC474 /* Frameworks */ = {
			isa = PBXFrameworksBuildPhase;
			buildActionMask = 2147483647;
			files = (
			);
			runOnlyForDeploymentPostprocessing = 0;
		};
		9BB7A0A52A473EB900FEC474 /* Frameworks */ = {
			isa = PBXFrameworksBuildPhase;
			buildActionMask = 2147483647;
			files = (
			);
			runOnlyForDeploymentPostprocessing = 0;
		};
		9BB7A0AF2A473EB900FEC474 /* Frameworks */ = {
			isa = PBXFrameworksBuildPhase;
			buildActionMask = 2147483647;
			files = (
			);
			runOnlyForDeploymentPostprocessing = 0;
		};
/* End PBXFrameworksBuildPhase section */

/* Begin PBXGroup section */
		9BB7A08E2A473EB700FEC474 = {
			isa = PBXGroup;
			children = (
				9BB7A0992A473EB700FEC474 /* Lumen */,
				9BB7A0AB2A473EB900FEC474 /* LumenTests */,
				9BB7A0B52A473EB900FEC474 /* LumenUITests */,
				9BB7A0982A473EB700FEC474 /* Products */,
			);
			sourceTree = "<group>";
		};
		9BB7A0982A473EB700FEC474 /* Products */ = {
			isa = PBXGroup;
			children = (
				9BB7A0972A473EB700FEC474 /* Lumen.app */,
				9BB7A0A82A473EB900FEC474 /* LumenTests.xctest */,
				9BB7A0B22A473EB900FEC474 /* LumenUITests.xctest */,
			);
			name = Products;
			sourceTree = "<group>";
		};
		9BB7A0992A473EB700FEC474 /* Lumen */ = {
			isa = PBXGroup;
			children = (
				9BB7A09A2A473EB700FEC474 /* LumenApp.swift */,
				9BB7A09C2A473EB700FEC474 /* ContentView.swift */,
				9BB7A09E2A473EB900FEC474 /* Assets.xcassets */,
				9BB7A0A02A473EB900FEC474 /* Lumen.entitlements */,
				9BB7A0A12A473EB900FEC474 /* Preview Content */,
			);
			path = Lumen;
			sourceTree = "<group>";
		};
		9BB7A0A12A473EB900FEC474 /* Preview Content */ = {
			isa = PBXGroup;
			children = (
				9BB7A0A22A473EB900FEC474 /* Preview Assets.xcassets */,
			);
			path = "Preview Content";
			sourceTree = "<group>";
		};
		9BB7A0AB2A473EB900FEC474 /* LumenTests */ = {
			isa = PBXGroup;
			children = (
				9BB7A0AC2A473EB900FEC474 /* LumenTests.swift */,
			);
			path = LumenTests;
			sourceTree = "<group>";
		};
		9BB7A0B52A473EB900FEC474 /* LumenUITests */ = {
			isa = PBXGroup;
			children = (
				9BB7A0B62A473EB900FEC474 /* LumenUITests.swift */,
				9BB7A0B82A473EB900FEC474 /* LumenUITestsLaunchTests.swift */,
			);
			path = LumenUITests;
			sourceTree = "<group>";
		};
/* End PBXGroup section */

/* Begin PBXNativeTarget section */
		9BB7A0962A473EB700FEC474 /* Lumen */ = {
			isa = PBXNativeTarget;
			buildConfigurationList = 9BB7A0BC2A473EB900FEC474 /* Build configuration list for PBXNativeTarget "Lumen" */;
			buildPhases = (
				9BB7A0932A473EB700FEC474 /* Sources */,
				9BB7A0942A473EB700FEC474 /* Frameworks */,
				9BB7A0952A473EB700FEC474 /* Resources */,
			);
			buildRules = (
			);
			dependencies = (
			);
			name = Lumen;
			productName = Lumen;
			productReference = 9BB7A0972A473EB700FEC474 /* Lumen.app */;
			productType = "com.apple.product-type.application";
		};
		9BB7A0A72A473EB900FEC474 /* LumenTests */ = {
			isa = PBXNativeTarget;
			buildConfigurationList = 9BB7A0BF2A473EB900FEC474 /* Build configuration list for PBXNativeTarget "LumenTests" */;
			buildPhases = (
				9BB7A0A42A473EB900FEC474 /* Sources */,
				9BB7A0A52A473EB900FEC474 /* Frameworks */,
				9BB7A0A62A473EB900FEC474 /* Resources */,
			);
			buildRules = (
			);
			dependencies = (
				9BB7A0AA2A473EB900FEC474 /* PBXTargetDependency */,
			);
			name = LumenTests;
			productName = LumenTests;
			productReference = 9BB7A0A82A473EB900FEC474 /* LumenTests.xctest */;
			productType = "com.apple.product-type.bundle.unit-test";
		};
		9BB7A0B12A473EB900FEC474 /* LumenUITests */ = {
			isa = PBXNativeTarget;
			buildConfigurationList = 9BB7A0C22A473EB900FEC474 /* Build configuration list for PBXNativeTarget "LumenUITests" */;
			buildPhases = (
				9BB7A0AE2A473EB900FEC474 /* Sources */,
				9BB7A0AF2A473EB900FEC474 /* Frameworks */,
				9BB7A0B02A473EB900FEC474 /* Resources */,
			);
			buildRules = (
			);
			dependencies = (
				9BB7A0B42A473EB900FEC474 /* PBXTargetDependency */,
			);
			name = LumenUITests;
			productName = LumenUITests;
			productReference = 9BB7A0B22A473EB900FEC474 /* LumenUITests.xctest */;
			productType = "com.apple.product-type.bundle.ui-testing";
		};
/* End PBXNativeTarget section */

/* Begin PBXProject section */
		9BB7A08F2A473EB700FEC474 /* Project object */ = {
			isa = PBXProject;
			attributes = {
				BuildIndependentTargetsInParallel = 1;
				LastSwiftUpdateCheck = 1430;
				LastUpgradeCheck = 1430;
				TargetAttributes = {
					9BB7A0962A473EB700FEC474 = {
						CreatedOnToolsVersion = 14.3.1;
					};
					9BB7A0A72A473EB900FEC474 = {
						CreatedOnToolsVersion = 14.3.1;
						TestTargetID = 9BB7A0962A473EB700FEC474;
					};
					9BB7A0B12A473EB900FEC474 = {
						CreatedOnToolsVersion = 14.3.1;
						TestTargetID = 9BB7A0962A473EB700FEC474;
					};
				};
			};
			buildConfigurationList = 9BB7A0922A473EB700FEC474 /* Build configuration list for PBXProject "Lumen" */;
			compatibilityVersion = "Xcode 14.0";
			developmentRegion = en;
			hasScannedForEncodings = 0;
			knownRegions = (
				en,
				Base,
			);
			mainGroup = 9BB7A08E2A473EB700FEC474;
			productRefGroup = 9BB7A0982A473EB700FEC474 /* Products */;
			projectDirPath = "";
			projectRoot = "";
			targets = (
				9BB7A0962A473EB700FEC474 /* Lumen */,
				9BB7A0A72A473EB900FEC474 /* LumenTests */,
				9BB7A0B12A473EB900FEC474 /* LumenUITests */,
			);
		};
/* End PBXProject section */

/* Begin PBXResourcesBuildPhase section */
		9BB7A0952A473EB700FEC474 /* Resources */ = {
			isa = PBXResourcesBuildPhase;
			buildActionMask = 2147483647;
			files = (
				9BB7A0A32A473EB900FEC474 /* Preview Assets.xcassets in Resources */,
				9BB7A09F2A473EB900FEC474 /* Assets.xcassets in Resources */,
			);
			runOnlyForDeploymentPostprocessing = 0;
		};
		9BB7A0A62A473EB900FEC474 /* Resources */ = {
			isa = PBXResourcesBuildPhase;
			buildActionMask = 2147483647;
			files = (
			);
			runOnlyForDeploymentPostprocessing = 0;
		};
		9BB7A0B02A473EB900FEC474 /* Resources */ = {
			isa = PBXResourcesBuildPhase;
			buildActionMask = 2147483647;
			files = (
			);
			runOnlyForDeploymentPostprocessing = 0;
		};
/* End PBXResourcesBuildPhase section */

/* Begin PBXSourcesBuildPhase section */
		9BB7A0932A473EB700FEC474 /* Sources */ = {
			isa = PBXSourcesBuildPhase;
			buildActionMask = 2147483647;
			files = (
				9BB7A09D2A473EB700FEC474 /* ContentView.swift in Sources */,
				9BB7A09B2A473EB700FEC474 /* LumenApp.swift in Sources */,
			);
			runOnlyForDeploymentPostprocessing = 0;
		};
		9BB7A0A42A473EB900FEC474 /* Sources */ = {
			isa = PBXSourcesBuildPhase;
			buildActionMask = 2147483647;
			files = (
				9BB7A0AD2A473EB900FEC474 /* LumenTests.swift in Sources */,
			);
			runOnlyForDeploymentPostprocessing = 0;
		};
		9BB7A0AE2A473EB900FEC474 /* Sources */ = {
			isa = PBXSourcesBuildPhase;
			buildActionMask = 2147483647;
			files = (
				9BB7A0B92A473EB900FEC474 /* LumenUITestsLaunchTests.swift in Sources */,
				9BB7A0B72A473EB900FEC474 /* LumenUITests.swift in Sources */,
			);
			runOnlyForDeploymentPostprocessing = 0;
		};
/* End PBXSourcesBuildPhase section */

/* Begin PBXTargetDependency section */
		9BB7A0AA2A473EB900FEC474 /* PBXTargetDependency */ = {
			isa = PBXTargetDependency;
			target = 9BB7A0962A473EB700FEC474 /* Lumen */;
			targetProxy = 9BB7A0A92A473EB900FEC474 /* PBXContainerItemProxy */;
		};
		9BB7A0B42A473EB900FEC474 /* PBXTargetDependency */ = {
			isa = PBXTargetDependency;
			target = 9BB7A0962A473EB700FEC474 /* Lumen */;
			targetProxy = 9BB7A0B32A473EB900FEC474 /* PBXContainerItemProxy */;
		};
/* End PBXTargetDependency section */

/* Begin XCBuildConfiguration section */
		9BB7A0BA2A473EB900FEC474 /* Debug */ = {
			isa = XCBuildConfiguration;
			buildSettings = {
				ALWAYS_SEARCH_USER_PATHS = NO;
				CLANG_ANALYZER_NONNULL = YES;
				CLANG_ANALYZER_NUMBER_OBJECT_CONVERSION = YES_AGGRESSIVE;
				CLANG_CXX_LANGUAGE_STANDARD = "gnu++20";
				CLANG_ENABLE_MODULES = YES;
				CLANG_ENABLE_OBJC_ARC = YES;
				CLANG_ENABLE_OBJC_WEAK = YES;
				CLANG_WARN_BLOCK_CAPTURE_AUTORELEASING = YES;
				CLANG_WARN_BOOL_CONVERSION = YES;
				CLANG_WARN_COMMA = YES;
				CLANG_WARN_CONSTANT_CONVERSION = YES;
				CLANG_WARN_DEPRECATED_OBJC_IMPLEMENTATIONS = YES;
				CLANG_WARN_DIRECT_OBJC_ISA_USAGE = YES_ERROR;
				CLANG_WARN_DOCUMENTATION_COMMENTS = YES;
				CLANG_WARN_EMPTY_BODY = YES;
				CLANG_WARN_ENUM_CONVERSION = YES;
				CLANG_WARN_INFINITE_RECURSION = YES;
				CLANG_WARN_INT_CONVERSION = YES;
				CLANG_WARN_NON_LITERAL_NULL_CONVERSION = YES;
				CLANG_WARN_OBJC_IMPLICIT_RETAIN_SELF = YES;
				CLANG_WARN_OBJC_LITERAL_CONVERSION = YES;
				CLANG_WARN_OBJC_ROOT_CLASS = YES_ERROR;
				CLANG_WARN_QUOTED_INCLUDE_IN_FRAMEWORK_HEADER = YES;
				CLANG_WARN_RANGE_LOOP_ANALYSIS = YES;
				CLANG_WARN_STRICT_PROTOTYPES = YES;
				CLANG_WARN_SUSPICIOUS_MOVE = YES;
				CLANG_WARN_UNGUARDED_AVAILABILITY = YES_AGGRESSIVE;
				CLANG_WARN_UNREACHABLE_CODE = YES;
				CLANG_WARN__DUPLICATE_METHOD_MATCH = YES;
				COPY_PHASE_STRIP = NO;
				DEBUG_INFORMATION_FORMAT = dwarf;
				ENABLE_STRICT_OBJC_MSGSEND = YES;
				ENABLE_TESTABILITY = YES;
				GCC_C_LANGUAGE_STANDARD = gnu11;
				GCC_DYNAMIC_NO_PIC = NO;
				GCC_NO_COMMON_BLOCKS = YES;
				GCC_OPTIMIZATION_LEVEL = 0;
				GCC_PREPROCESSOR_DEFINITIONS = (
					"DEBUG=1",
					"$(inherited)",
				);
				GCC_WARN_64_TO_32_BIT_CONVERSION = YES;
				GCC_WARN_ABOUT_RETURN_TYPE = YES_ERROR;
				GCC_WARN_UNDECLARED_SELECTOR = YES;
				GCC_WARN_UNINITIALIZED_AUTOS = YES_AGGRESSIVE;
				GCC_WARN_UNUSED_FUNCTION = YES;
				GCC_WARN_UNUSED_VARIABLE = YES;
				MTL_ENABLE_DEBUG_INFO = INCLUDE_SOURCE;
				MTL_FAST_MATH = YES;
				ONLY_ACTIVE_ARCH = YES;
				SWIFT_ACTIVE_COMPILATION_CONDITIONS = DEBUG;
				SWIFT_OPTIMIZATION_LEVEL = "-Onone";
			};
			name = Debug;
		};
		9BB7A0BB2A473EB900FEC474 /* Release */ = {
			isa = XCBuildConfiguration;
			buildSettings = {
				ALWAYS_SEARCH_USER_PATHS = NO;
				CLANG_ANALYZER_NONNULL = YES;
				CLANG_ANALYZER_NUMBER_OBJECT_CONVERSION = YES_AGGRESSIVE;
				CLANG_CXX_LANGUAGE_STANDARD = "gnu++20";
				CLANG_ENABLE_MODULES = YES;
				CLANG_ENABLE_OBJC_ARC = YES;
				CLANG_ENABLE_OBJC_WEAK = YES;
				CLANG_WARN_BLOCK_CAPTURE_AUTORELEASING = YES;
				CLANG_WARN_BOOL_CONVERSION = YES;
				CLANG_WARN_COMMA = YES;
				CLANG_WARN_CONSTANT_CONVERSION = YES;
				CLANG_WARN_DEPRECATED_OBJC_IMPLEMENTATIONS = YES;
				CLANG_WARN_DIRECT_OBJC_ISA_USAGE = YES_ERROR;
				CLANG_WARN_DOCUMENTATION_COMMENTS = YES;
				CLANG_WARN_EMPTY_BODY = YES;
				CLANG_WARN_ENUM_CONVERSION = YES;
				CLANG_WARN_INFINITE_RECURSION = YES;
				CLANG_WARN_INT_CONVERSION = YES;
				CLANG_WARN_NON_LITERAL_NULL_CONVERSION = YES;
				CLANG_WARN_OBJC_IMPLICIT_RETAIN_SELF = YES;
				CLANG_WARN_OBJC_LITERAL_CONVERSION = YES;
				CLANG_WARN_OBJC_ROOT_CLASS = YES_ERROR;
				CLANG_WARN_QUOTED_INCLUDE_IN_FRAMEWORK_HEADER = YES;
				CLANG_WARN_RANGE_LOOP_ANALYSIS = YES;
				CLANG_WARN_STRICT_PROTOTYPES = YES;
				CLANG_WARN_SUSPICIOUS_MOVE = YES;
				CLANG_WARN_UNGUARDED_AVAILABILITY = YES_AGGRESSIVE;
				CLANG_WARN_UNREACHABLE_CODE = YES;
				CLANG_WARN__DUPLICATE_METHOD_MATCH = YES;
				COPY_PHASE_STRIP = NO;
				DEBUG_INFORMATION_FORMAT = "dwarf-with-dsym";
				ENABLE_NS_ASSERTIONS = NO;
				ENABLE_STRICT_OBJC_MSGSEND = YES;
				GCC_C_LANGUAGE_STANDARD = gnu11;
				GCC_NO_COMMON_BLOCKS = YES;
				GCC_WARN_64_TO_32_BIT_CONVERSION = YES;
				GCC_WARN_ABOUT_RETURN_TYPE = YES_ERROR;
				GCC_WARN_UNDECLARED_SELECTOR = YES;
				GCC_WARN_UNINITIALIZED_AUTOS = YES_AGGRESSIVE;
				GCC_WARN_UNUSED_FUNCTION = YES;
				GCC_WARN_UNUSED_VARIABLE = YES;
				MTL_ENABLE_DEBUG_INFO = NO;
				MTL_FAST_MATH = YES;
				SWIFT_COMPILATION_MODE = wholemodule;
				SWIFT_OPTIMIZATION_LEVEL = "-O";
			};
			name = Release;
		};
		9BB7A0BD2A473EB900FEC474 /* Debug */ = {
			isa = XCBuildConfiguration;
			buildSettings = {
				ASSETCATALOG_COMPILER_APPICON_NAME = AppIcon;
				ASSETCATALOG_COMPILER_GLOBAL_ACCENT_COLOR_NAME = AccentColor;
				CODE_SIGN_ENTITLEMENTS = Lumen/Lumen.entitlements;
				CODE_SIGN_STYLE = Automatic;
				CURRENT_PROJECT_VERSION = 1;
				DEVELOPMENT_ASSET_PATHS = "\"Lumen/Preview Content\"";
				DEVELOPMENT_TEAM = MG86T972Y9;
				ENABLE_HARDENED_RUNTIME = YES;
				ENABLE_PREVIEWS = YES;
				GENERATE_INFOPLIST_FILE = YES;
				"INFOPLIST_KEY_UIApplicationSceneManifest_Generation[sdk=iphoneos*]" = YES;
				"INFOPLIST_KEY_UIApplicationSceneManifest_Generation[sdk=iphonesimulator*]" = YES;
				"INFOPLIST_KEY_UIApplicationSupportsIndirectInputEvents[sdk=iphoneos*]" = YES;
				"INFOPLIST_KEY_UIApplicationSupportsIndirectInputEvents[sdk=iphonesimulator*]" = YES;
				"INFOPLIST_KEY_UILaunchScreen_Generation[sdk=iphoneos*]" = YES;
				"INFOPLIST_KEY_UILaunchScreen_Generation[sdk=iphonesimulator*]" = YES;
				"INFOPLIST_KEY_UIStatusBarStyle[sdk=iphoneos*]" = UIStatusBarStyleDefault;
				"INFOPLIST_KEY_UIStatusBarStyle[sdk=iphonesimulator*]" = UIStatusBarStyleDefault;
				INFOPLIST_KEY_UISupportedInterfaceOrientations_iPad = "UIInterfaceOrientationPortrait UIInterfaceOrientationPortraitUpsideDown UIInterfaceOrientationLandscapeLeft UIInterfaceOrientationLandscapeRight";
				INFOPLIST_KEY_UISupportedInterfaceOrientations_iPhone = "UIInterfaceOrientationPortrait UIInterfaceOrientationLandscapeLeft UIInterfaceOrientationLandscapeRight";
				IPHONEOS_DEPLOYMENT_TARGET = 16.4;
				LD_RUNPATH_SEARCH_PATHS = "@executable_path/Frameworks";
				"LD_RUNPATH_SEARCH_PATHS[sdk=macosx*]" = "@executable_path/../Frameworks";
				MACOSX_DEPLOYMENT_TARGET = 13.3;
				MARKETING_VERSION = 1.0;
				PRODUCT_BUNDLE_IDENTIFIER = com.Lumen.Lumen;
				PRODUCT_NAME = "$(TARGET_NAME)";
				SDKROOT = auto;
				SUPPORTED_PLATFORMS = "iphoneos iphonesimulator macosx";
				SWIFT_EMIT_LOC_STRINGS = YES;
				SWIFT_VERSION = 5.0;
				TARGETED_DEVICE_FAMILY = "1,2";
			};
			name = Debug;
		};
		9BB7A0BE2A473EB900FEC474 /* Release */ = {
			isa = XCBuildConfiguration;
			buildSettings = {
				ASSETCATALOG_COMPILER_APPICON_NAME = AppIcon;
				ASSETCATALOG_COMPILER_GLOBAL_ACCENT_COLOR_NAME = AccentColor;
				CODE_SIGN_ENTITLEMENTS = Lumen/Lumen.entitlements;
				CODE_SIGN_STYLE = Automatic;
				CURRENT_PROJECT_VERSION = 1;
				DEVELOPMENT_ASSET_PATHS = "\"Lumen/Preview Content\"";
				DEVELOPMENT_TEAM = MG86T972Y9;
				ENABLE_HARDENED_RUNTIME = YES;
				ENABLE_PREVIEWS = YES;
				GENERATE_INFOPLIST_FILE = YES;
				"INFOPLIST_KEY_UIApplicationSceneManifest_Generation[sdk=iphoneos*]" = YES;
				"INFOPLIST_KEY_UIApplicationSceneManifest_Generation[sdk=iphonesimulator*]" = YES;
				"INFOPLIST_KEY_UIApplicationSupportsIndirectInputEvents[sdk=iphoneos*]" = YES;
				"INFOPLIST_KEY_UIApplicationSupportsIndirectInputEvents[sdk=iphonesimulator*]" = YES;
				"INFOPLIST_KEY_UILaunchScreen_Generation[sdk=iphoneos*]" = YES;
				"INFOPLIST_KEY_UILaunchScreen_Generation[sdk=iphonesimulator*]" = YES;
				"INFOPLIST_KEY_UIStatusBarStyle[sdk=iphoneos*]" = UIStatusBarStyleDefault;
				"INFOPLIST_KEY_UIStatusBarStyle[sdk=iphonesimulator*]" = UIStatusBarStyleDefault;
				INFOPLIST_KEY_UISupportedInterfaceOrientations_iPad = "UIInterfaceOrientationPortrait UIInterfaceOrientationPortraitUpsideDown UIInterfaceOrientationLandscapeLeft UIInterfaceOrientationLandscapeRight";
				INFOPLIST_KEY_UISupportedInterfaceOrientations_iPhone = "UIInterfaceOrientationPortrait UIInterfaceOrientationLandscapeLeft UIInterfaceOrientationLandscapeRight";
				IPHONEOS_DEPLOYMENT_TARGET = 16.4;
				LD_RUNPATH_SEARCH_PATHS = "@executable_path/Frameworks";
				"LD_RUNPATH_SEARCH_PATHS[sdk=macosx*]" = "@executable_path/../Frameworks";
				MACOSX_DEPLOYMENT_TARGET = 13.3;
				MARKETING_VERSION = 1.0;
				PRODUCT_BUNDLE_IDENTIFIER = com.Lumen.Lumen;
				PRODUCT_NAME = "$(TARGET_NAME)";
				SDKROOT = auto;
				SUPPORTED_PLATFORMS = "iphoneos iphonesimulator macosx";
				SWIFT_EMIT_LOC_STRINGS = YES;
				SWIFT_VERSION = 5.0;
				TARGETED_DEVICE_FAMILY = "1,2";
			};
			name = Release;
		};
		9BB7A0C02A473EB900FEC474 /* Debug */ = {
			isa = XCBuildConfiguration;
			buildSettings = {
				ALWAYS_EMBED_SWIFT_STANDARD_LIBRARIES = YES;
				BUNDLE_LOADER = "$(TEST_HOST)";
				CODE_SIGN_STYLE = Automatic;
				CURRENT_PROJECT_VERSION = 1;
				DEVELOPMENT_TEAM = MG86T972Y9;
				GENERATE_INFOPLIST_FILE = YES;
				IPHONEOS_DEPLOYMENT_TARGET = 16.4;
				MACOSX_DEPLOYMENT_TARGET = 13.3;
				MARKETING_VERSION = 1.0;
				PRODUCT_BUNDLE_IDENTIFIER = com.Lumen.LumenTests;
				PRODUCT_NAME = "$(TARGET_NAME)";
				SDKROOT = auto;
				SUPPORTED_PLATFORMS = "iphoneos iphonesimulator macosx";
				SWIFT_EMIT_LOC_STRINGS = NO;
				SWIFT_VERSION = 5.0;
				TARGETED_DEVICE_FAMILY = "1,2";
				TEST_HOST = "$(BUILT_PRODUCTS_DIR)/Lumen.app/$(BUNDLE_EXECUTABLE_FOLDER_PATH)/Lumen";
			};
			name = Debug;
		};
		9BB7A0C12A473EB900FEC474 /* Release */ = {
			isa = XCBuildConfiguration;
			buildSettings = {
				ALWAYS_EMBED_SWIFT_STANDARD_LIBRARIES = YES;
				BUNDLE_LOADER = "$(TEST_HOST)";
				CODE_SIGN_STYLE = Automatic;
				CURRENT_PROJECT_VERSION = 1;
				DEVELOPMENT_TEAM = MG86T972Y9;
				GENERATE_INFOPLIST_FILE = YES;
				IPHONEOS_DEPLOYMENT_TARGET = 16.4;
				MACOSX_DEPLOYMENT_TARGET = 13.3;
				MARKETING_VERSION = 1.0;
				PRODUCT_BUNDLE_IDENTIFIER = com.Lumen.LumenTests;
				PRODUCT_NAME = "$(TARGET_NAME)";
				SDKROOT = auto;
				SUPPORTED_PLATFORMS = "iphoneos iphonesimulator macosx";
				SWIFT_EMIT_LOC_STRINGS = NO;
				SWIFT_VERSION = 5.0;
				TARGETED_DEVICE_FAMILY = "1,2";
				TEST_HOST = "$(BUILT_PRODUCTS_DIR)/Lumen.app/$(BUNDLE_EXECUTABLE_FOLDER_PATH)/Lumen";
			};
			name = Release;
		};
		9BB7A0C32A473EB900FEC474 /* Debug */ = {
			isa = XCBuildConfiguration;
			buildSettings = {
				ALWAYS_EMBED_SWIFT_STANDARD_LIBRARIES = YES;
				CODE_SIGN_STYLE = Automatic;
				CURRENT_PROJECT_VERSION = 1;
				DEVELOPMENT_TEAM = MG86T972Y9;
				GENERATE_INFOPLIST_FILE = YES;
				IPHONEOS_DEPLOYMENT_TARGET = 16.4;
				MACOSX_DEPLOYMENT_TARGET = 13.3;
				MARKETING_VERSION = 1.0;
				PRODUCT_BUNDLE_IDENTIFIER = com.Lumen.LumenUITests;
				PRODUCT_NAME = "$(TARGET_NAME)";
				SDKROOT = auto;
				SUPPORTED_PLATFORMS = "iphoneos iphonesimulator macosx";
				SWIFT_EMIT_LOC_STRINGS = NO;
				SWIFT_VERSION = 5.0;
				TARGETED_DEVICE_FAMILY = "1,2";
				TEST_TARGET_NAME = Lumen;
			};
			name = Debug;
		};
		9BB7A0C42A473EB900FEC474 /* Release */ = {
			isa = XCBuildConfiguration;
			buildSettings = {
				ALWAYS_EMBED_SWIFT_STANDARD_LIBRARIES = YES;
				CODE_SIGN_STYLE = Automatic;
				CURRENT_PROJECT_VERSION = 1;
				DEVELOPMENT_TEAM = MG86T972Y9;
				GENERATE_INFOPLIST_FILE = YES;
				IPHONEOS_DEPLOYMENT_TARGET = 16.4;
				MACOSX_DEPLOYMENT_TARGET = 13.3;
				MARKETING_VERSION = 1.0;
				PRODUCT_BUNDLE_IDENTIFIER = com.Lumen.LumenUITests;
				PRODUCT_NAME = "$(TARGET_NAME)";
				SDKROOT = auto;
				SUPPORTED_PLATFORMS = "iphoneos iphonesimulator macosx";
				SWIFT_EMIT_LOC_STRINGS = NO;
				SWIFT_VERSION = 5.0;
				TARGETED_DEVICE_FAMILY = "1,2";
				TEST_TARGET_NAME = Lumen;
			};
			name = Release;
		};
/* End XCBuildConfiguration section */

/* Begin XCConfigurationList section */
		9BB7A0922A473EB700FEC474 /* Build configuration list for PBXProject "Lumen" */ = {
			isa = XCConfigurationList;
			buildConfigurations = (
				9BB7A0BA2A473EB900FEC474 /* Debug */,
				9BB7A0BB2A473EB900FEC474 /* Release */,
			);
			defaultConfigurationIsVisible = 0;
			defaultConfigurationName = Release;
		};
		9BB7A0BC2A473EB900FEC474 /* Build configuration list for PBXNativeTarget "Lumen" */ = {
			isa = XCConfigurationList;
			buildConfigurations = (
				9BB7A0BD2A473EB900FEC474 /* Debug */,
				9BB7A0BE2A473EB900FEC474 /* Release */,
			);
			defaultConfigurationIsVisible = 0;
			defaultConfigurationName = Release;
		};
		9BB7A0BF2A473EB900FEC474 /* Build configuration list for PBXNativeTarget "LumenTests" */ = {
			isa = XCConfigurationList;
			buildConfigurations = (
				9BB7A0C02A473EB900FEC474 /* Debug */,
				9BB7A0C12A473EB900FEC474 /* Release */,
			);
			defaultConfigurationIsVisible = 0;
			defaultConfigurationName = Release;
		};
		9BB7A0C22A473EB900FEC474 /* Build configuration list for PBXNativeTarget "LumenUITests" */ = {
			isa = XCConfigurationList;
			buildConfigurations = (
				9BB7A0C32A473EB900FEC474 /* Debug */,
				9BB7A0C42A473EB900FEC474 /* Release */,
			);
			defaultConfigurationIsVisible = 0;
			defaultConfigurationName = Release;
		};
/* End XCConfigurationList section */
	};
	rootObject = 9BB7A08F2A473EB700FEC474 /* Project object */;
}
